
Microsoft Visual Studio Solution File, Format Version 12.00
# Visual Studio Version 16
VisualStudioVersion = 16.0.30014.187
MinimumVisualStudioVersion = 10.0.40219.1
Project("{FAE04EC0-301F-11D3-BF4B-00C04F79EFBC}") = "COVIDScreeningApi", "COVIDScreeningApi\COVIDScreeningApi.csproj", "{B2A6F07E-1C41-4F1B-8DB9-50CEC1D730BC}"
EndProject
Global
	GlobalSection(SolutionConfigurationPlatforms) = preSolution
		Debug|Any CPU = Debug|Any CPU
		Release|Any CPU = Release|Any CPU
	EndGlobalSection
	GlobalSection(ProjectConfigurationPlatforms) = postSolution
		{B2A6F07E-1C41-4F1B-8DB9-50CEC1D730BC}.Debug|Any CPU.ActiveCfg = Debug|Any CPU
		{B2A6F07E-1C41-4F1B-8DB9-50CEC1D730BC}.Debug|Any CPU.Build.0 = Debug|Any CPU
		{B2A6F07E-1C41-4F1B-8DB9-50CEC1D730BC}.Release|Any CPU.ActiveCfg = Release|Any CPU
		{B2A6F07E-1C41-4F1B-8DB9-50CEC1D730BC}.Release|Any CPU.Build.0 = Release|Any CPU
	EndGlobalSection
	GlobalSection(SolutionProperties) = preSolution
		HideSolutionNode = FALSE
	EndGlobalSection
	GlobalSection(ExtensibilityGlobals) = postSolution
		SolutionGuid = {A9CE1A19-0B11-4E36-9772-C540EE3EE609}
	EndGlobalSection
EndGlobal
